PODS:
  - Alamofire (4.0.1)
  - AlamofireObjectMapper (4.0.0):
    - Alamofire (~> 4.0)
    - ObjectMapper (~> 2.0)
  - Kingfisher (3.2.2)
  - ObjectMapper (2.2.1)

DEPENDENCIES:
  - Alamofire (~> 4.0.1)
  - AlamofireObjectMapper (~> 4.0.0)
  - Kingfisher

SPEC CHECKSUMS:
  Alamofire: 7682d43245de14874acd142ec137b144aa1dd335
  AlamofireObjectMapper: 9faa3ce5a240efda1b209009a2d6e1e949227abc
  Kingfisher: 821466474ad7ffc375a4aecadfa05068cfed67b3
  ObjectMapper: 41e43e1a89f8060ef5ea5d04ba852e269a621d68

PODFILE CHECKSUM: 9dc101aa68e361d8c70491dc4a0c37e9ef2d7f37

COCOAPODS: 1.1.1
